
Microsoft Visual Studio Solution File, Format Version 12.00
# Visual Studio 15
VisualStudioVersion = 15.0.27428.2037
MinimumVisualStudioVersion = 10.0.40219.1
Project("{FAE04EC0-301F-11D3-BF4B-00C04F79EFBC}") = "Lab3", "Lab3\Lab3.csproj", "{AEBB2E91-8875-44A3-8B46-BBBD14E629C9}"
EndProject
Global
	GlobalSection(SolutionConfigurationPlatforms) = preSolution
		Debug|Any CPU = Debug|Any CPU
		Release|Any CPU = Release|Any CPU
	EndGlobalSection
	GlobalSection(ProjectConfigurationPlatforms) = postSolution
		{AEBB2E91-8875-44A3-8B46-BBBD14E629C9}.Debug|Any CPU.ActiveCfg = Debug|Any CPU
		{AEBB2E91-8875-44A3-8B46-BBBD14E629C9}.Debug|Any CPU.Build.0 = Debug|Any CPU
		{AEBB2E91-8875-44A3-8B46-BBBD14E629C9}.Release|Any CPU.ActiveCfg = Release|Any CPU
		{AEBB2E91-8875-44A3-8B46-BBBD14E629C9}.Release|Any CPU.Build.0 = Release|Any CPU
	EndGlobalSection
	GlobalSection(SolutionProperties) = preSolution
		HideSolutionNode = FALSE
	EndGlobalSection
	GlobalSection(ExtensibilityGlobals) = postSolution
		SolutionGuid = {8D863128-AB77-4CF9-9B4F-8A11DA6FBCF0}
	EndGlobalSection
EndGlobal
